// !$*UTF8*$!
{
	archiveVersion = 1;
	classes = {
	};
	objectVersion = 50;
	objects = {

/* Begin PBXBuildFile section */
		3726A4152613393700CA9EC5 /* PopupViewController.swift in Sources */ = {isa = PBXBuildFile; fileRef = 3726A4142613393700CA9EC5 /* PopupViewController.swift */; };
		376704FA257FA9A200B5E9A2 /* AppDelegate.swift in Sources */ = {isa = PBXBuildFile; fileRef = 376704F9257FA9A200B5E9A2 /* AppDelegate.swift */; };
		376704FC257FA9A200B5E9A2 /* SceneDelegate.swift in Sources */ = {isa = PBXBuildFile; fileRef = 376704FB257FA9A200B5E9A2 /* SceneDelegate.swift */; };
		376704FE257FA9A200B5E9A2 /* MainViewController.swift in Sources */ = {isa = PBXBuildFile; fileRef = 376704FD257FA9A200B5E9A2 /* MainViewController.swift */; };
		37670501257FA9A200B5E9A2 /* Main.storyboard in Resources */ = {isa = PBXBuildFile; fileRef = 376704FF257FA9A200B5E9A2 /* Main.storyboard */; };
		37670503257FA9A400B5E9A2 /* Assets.xcassets in Resources */ = {isa = PBXBuildFile; fileRef = 37670502257FA9A400B5E9A2 /* Assets.xcassets */; };
		37670506257FA9A400B5E9A2 /* LaunchScreen.storyboard in Resources */ = {isa = PBXBuildFile; fileRef = 37670504257FA9A400B5E9A2 /* LaunchScreen.storyboard */; };
		37670529257FB10100B5E9A2 /* ImageEditor.storyboard in Resources */ = {isa = PBXBuildFile; fileRef = 37670528257FB10100B5E9A2 /* ImageEditor.storyboard */; };
		3767052B257FB3EC00B5E9A2 /* Playfield.storyboard in Resources */ = {isa = PBXBuildFile; fileRef = 3767052A257FB3EC00B5E9A2 /* Playfield.storyboard */; };
		3767052D257FC3EB00B5E9A2 /* Creation.swift in Sources */ = {isa = PBXBuildFile; fileRef = 3767052C257FC3EB00B5E9A2 /* Creation.swift */; };
		37670533257FE2B900B5E9A2 /* PlayfieldViewController.swift in Sources */ = {isa = PBXBuildFile; fileRef = 37670531257FE2B900B5E9A2 /* PlayfieldViewController.swift */; };
		37670534257FE2B900B5E9A2 /* ImageEditorViewController.swift in Sources */ = {isa = PBXBuildFile; fileRef = 37670532257FE2B900B5E9A2 /* ImageEditorViewController.swift */; };
		376ED34025C96C5D003578B8 /* Puzzle.swift in Sources */ = {isa = PBXBuildFile; fileRef = 376ED33F25C96C5D003578B8 /* Puzzle.swift */; };
		376ED34425C96FF7003578B8 /* GridView.swift in Sources */ = {isa = PBXBuildFile; fileRef = 376ED34325C96FF7003578B8 /* GridView.swift */; };
		376ED34725C99917003578B8 /* PuzzleImageCell.swift in Sources */ = {isa = PBXBuildFile; fileRef = 376ED34525C99917003578B8 /* PuzzleImageCell.swift */; };
		376ED34825C99917003578B8 /* PuzzleImageCell.xib in Resources */ = {isa = PBXBuildFile; fileRef = 376ED34625C99917003578B8 /* PuzzleImageCell.xib */; };
/* End PBXBuildFile section */

/* Begin PBXFileReference section */
		3726A4142613393700CA9EC5 /* PopupViewController.swift */ = {isa = PBXFileReference; lastKnownFileType = sourcecode.swift; path = PopupViewController.swift; sourceTree = "<group>"; };
		376704F6257FA9A200B5E9A2 /* Gridy.app */ = {isa = PBXFileReference; explicitFileType = wrapper.application; includeInIndex = 0; path = Gridy.app; sourceTree = BUILT_PRODUCTS_DIR; };
		376704F9257FA9A200B5E9A2 /* AppDelegate.swift */ = {isa = PBXFileReference; lastKnownFileType = sourcecode.swift; path = AppDelegate.swift; sourceTree = "<group>"; };
		376704FB257FA9A200B5E9A2 /* SceneDelegate.swift */ = {isa = PBXFileReference; lastKnownFileType = sourcecode.swift; path = SceneDelegate.swift; sourceTree = "<group>"; };
		376704FD257FA9A200B5E9A2 /* MainViewController.swift */ = {isa = PBXFileReference; lastKnownFileType = sourcecode.swift; path = MainViewController.swift; sourceTree = "<group>"; };
		37670500257FA9A200B5E9A2 /* Base */ = {isa = PBXFileReference; lastKnownFileType = file.storyboard; name = Base; path = Base.lproj/Main.storyboard; sourceTree = "<group>"; };
		37670502257FA9A400B5E9A2 /* Assets.xcassets */ = {isa = PBXFileReference; lastKnownFileType = folder.assetcatalog; path = Assets.xcassets; sourceTree = "<group>"; };
		37670505257FA9A400B5E9A2 /* Base */ = {isa = PBXFileReference; lastKnownFileType = file.storyboard; name = Base; path = Base.lproj/LaunchScreen.storyboard; sourceTree = "<group>"; };
		37670507257FA9A400B5E9A2 /* Info.plist */ = {isa = PBXFileReference; lastKnownFileType = text.plist.xml; path = Info.plist; sourceTree = "<group>"; };
		37670528257FB10100B5E9A2 /* ImageEditor.storyboard */ = {isa = PBXFileReference; lastKnownFileType = file.storyboard; path = ImageEditor.storyboard; sourceTree = "<group>"; };
		3767052A257FB3EC00B5E9A2 /* Playfield.storyboard */ = {isa = PBXFileReference; lastKnownFileType = file.storyboard; path = Playfield.storyboard; sourceTree = "<group>"; };
		3767052C257FC3EB00B5E9A2 /* Creation.swift */ = {isa = PBXFileReference; lastKnownFileType = sourcecode.swift; path = Creation.swift; sourceTree = "<group>"; };
		37670531257FE2B900B5E9A2 /* PlayfieldViewController.swift */ = {isa = PBXFileReference; fileEncoding = 4; lastKnownFileType = sourcecode.swift; path = PlayfieldViewController.swift; sourceTree = "<group>"; };
		37670532257FE2B900B5E9A2 /* ImageEditorViewController.swift */ = {isa = PBXFileReference; fileEncoding = 4; lastKnownFileType = sourcecode.swift; path = ImageEditorViewController.swift; sourceTree = "<group>"; };
		376ED33F25C96C5D003578B8 /* Puzzle.swift */ = {isa = PBXFileReference; lastKnownFileType = sourcecode.swift; path = Puzzle.swift; sourceTree = "<group>"; };
		376ED34325C96FF7003578B8 /* GridView.swift */ = {isa = PBXFileReference; lastKnownFileType = sourcecode.swift; path = GridView.swift; sourceTree = "<group>"; };
		376ED34525C99917003578B8 /* PuzzleImageCell.swift */ = {isa = PBXFileReference; lastKnownFileType = sourcecode.swift; path = PuzzleImageCell.swift; sourceTree = "<group>"; };
		376ED34625C99917003578B8 /* PuzzleImageCell.xib */ = {isa = PBXFileReference; lastKnownFileType = file.xib; path = PuzzleImageCell.xib; sourceTree = "<group>"; };
/* End PBXFileReference section */

/* Begin PBXFrameworksBuildPhase section */
		376704F3257FA9A200B5E9A2 /* Frameworks */ = {
			isa = PBXFrameworksBuildPhase;
			buildActionMask = 2147483647;
			files = (
			);
			runOnlyForDeploymentPostprocessing = 0;
		};
/* End PBXFrameworksBuildPhase section */

/* Begin PBXGroup section */
		376704ED257FA9A200B5E9A2 = {
			isa = PBXGroup;
			children = (
				376704F8257FA9A200B5E9A2 /* Gridy */,
				376704F7257FA9A200B5E9A2 /* Products */,
			);
			sourceTree = "<group>";
		};
		376704F7257FA9A200B5E9A2 /* Products */ = {
			isa = PBXGroup;
			children = (
				376704F6257FA9A200B5E9A2 /* Gridy.app */,
			);
			name = Products;
			sourceTree = "<group>";
		};
		376704F8257FA9A200B5E9A2 /* Gridy */ = {
			isa = PBXGroup;
			children = (
				3767052E257FC3F600B5E9A2 /* Models */,
				37670526257FAB8700B5E9A2 /* Controllers */,
				37670527257FABA000B5E9A2 /* Views */,
				37670523257FAA2F00B5E9A2 /* Resources */,
			);
			path = Gridy;
			sourceTree = "<group>";
		};
		37670523257FAA2F00B5E9A2 /* Resources */ = {
			isa = PBXGroup;
			children = (
				37670502257FA9A400B5E9A2 /* Assets.xcassets */,
				376704F9257FA9A200B5E9A2 /* AppDelegate.swift */,
				37670507257FA9A400B5E9A2 /* Info.plist */,
				376704FB257FA9A200B5E9A2 /* SceneDelegate.swift */,
			);
			path = Resources;
			sourceTree = "<group>";
		};
		37670526257FAB8700B5E9A2 /* Controllers */ = {
			isa = PBXGroup;
			children = (
				37BEBFB2264AB434006B6AAB /* View Controllers */,
			);
			path = Controllers;
			sourceTree = "<group>";
		};
		37670527257FABA000B5E9A2 /* Views */ = {
			isa = PBXGroup;
			children = (
				37BEBFB3264AB451006B6AAB /* Custom Views */,
				37BEBFB1264AB420006B6AAB /* Storyboards */,
			);
			path = Views;
			sourceTree = "<group>";
		};
		3767052E257FC3F600B5E9A2 /* Models */ = {
			isa = PBXGroup;
			children = (
				3767052C257FC3EB00B5E9A2 /* Creation.swift */,
				376ED33F25C96C5D003578B8 /* Puzzle.swift */,
				376ED34325C96FF7003578B8 /* GridView.swift */,
			);
			path = Models;
			sourceTree = "<group>";
		};
		37BEBFB1264AB420006B6AAB /* Storyboards */ = {
			isa = PBXGroup;
			children = (
				376704FF257FA9A200B5E9A2 /* Main.storyboard */,
				37670528257FB10100B5E9A2 /* ImageEditor.storyboard */,
				37670504257FA9A400B5E9A2 /* LaunchScreen.storyboard */,
				3767052A257FB3EC00B5E9A2 /* Playfield.storyboard */,
			);
			path = Storyboards;
			sourceTree = "<group>";
		};
		37BEBFB2264AB434006B6AAB /* View Controllers */ = {
			isa = PBXGroup;
			children = (
				3726A4142613393700CA9EC5 /* PopupViewController.swift */,
				37670532257FE2B900B5E9A2 /* ImageEditorViewController.swift */,
				376704FD257FA9A200B5E9A2 /* MainViewController.swift */,
				37670531257FE2B900B5E9A2 /* PlayfieldViewController.swift */,
			);
			path = "View Controllers";
			sourceTree = "<group>";
		};
		37BEBFB3264AB451006B6AAB /* Custom Views */ = {
			isa = PBXGroup;
			children = (
				376ED34525C99917003578B8 /* PuzzleImageCell.swift */,
				376ED34625C99917003578B8 /* PuzzleImageCell.xib */,
			);
			path = "Custom Views";
			sourceTree = "<group>";
		};
/* End PBXGroup section */

/* Begin PBXNativeTarget section */
		376704F5257FA9A200B5E9A2 /* Gridy */ = {
			isa = PBXNativeTarget;
			buildConfigurationList = 3767050A257FA9A400B5E9A2 /* Build configuration list for PBXNativeTarget "Gridy" */;
			buildPhases = (
				376704F2257FA9A200B5E9A2 /* Sources */,
				376704F3257FA9A200B5E9A2 /* Frameworks */,
				376704F4257FA9A200B5E9A2 /* Resources */,
			);
			buildRules = (
			);
			dependencies = (
			);
			name = Gridy;
			productName = Gridy;
			productReference = 376704F6257FA9A200B5E9A2 /* Gridy.app */;
			productType = "com.apple.product-type.application";
		};
/* End PBXNativeTarget section */

/* Begin PBXProject section */
		376704EE257FA9A200B5E9A2 /* Project object */ = {
			isa = PBXProject;
			attributes = {
				LastSwiftUpdateCheck = 1120;
				LastUpgradeCheck = 1240;
				ORGANIZATIONNAME = "Cynthia Nikolai";
				TargetAttributes = {
					376704F5257FA9A200B5E9A2 = {
						CreatedOnToolsVersion = 11.2.1;
					};
				};
			};
			buildConfigurationList = 376704F1257FA9A200B5E9A2 /* Build configuration list for PBXProject "Gridy" */;
			compatibilityVersion = "Xcode 9.3";
			developmentRegion = en;
			hasScannedForEncodings = 0;
			knownRegions = (
				en,
				Base,
			);
			mainGroup = 376704ED257FA9A200B5E9A2;
			productRefGroup = 376704F7257FA9A200B5E9A2 /* Products */;
			projectDirPath = "";
			projectRoot = "";
			targets = (
				376704F5257FA9A200B5E9A2 /* Gridy */,
			);
		};
/* End PBXProject section */

/* Begin PBXResourcesBuildPhase section */
		376704F4257FA9A200B5E9A2 /* Resources */ = {
			isa = PBXResourcesBuildPhase;
			buildActionMask = 2147483647;
			files = (
				376ED34825C99917003578B8 /* PuzzleImageCell.xib in Resources */,
				37670506257FA9A400B5E9A2 /* LaunchScreen.storyboard in Resources */,
				37670503257FA9A400B5E9A2 /* Assets.xcassets in Resources */,
				3767052B257FB3EC00B5E9A2 /* Playfield.storyboard in Resources */,
				37670529257FB10100B5E9A2 /* ImageEditor.storyboard in Resources */,
				37670501257FA9A200B5E9A2 /* Main.storyboard in Resources */,
			);
			runOnlyForDeploymentPostprocessing = 0;
		};
/* End PBXResourcesBuildPhase section */

/* Begin PBXSourcesBuildPhase section */
		376704F2257FA9A200B5E9A2 /* Sources */ = {
			isa = PBXSourcesBuildPhase;
			buildActionMask = 2147483647;
			files = (
				376704FE257FA9A200B5E9A2 /* MainViewController.swift in Sources */,
				376ED34025C96C5D003578B8 /* Puzzle.swift in Sources */,
				376704FA257FA9A200B5E9A2 /* AppDelegate.swift in Sources */,
				3767052D257FC3EB00B5E9A2 /* Creation.swift in Sources */,
				37670534257FE2B900B5E9A2 /* ImageEditorViewController.swift in Sources */,
				3726A4152613393700CA9EC5 /* PopupViewController.swift in Sources */,
				37670533257FE2B900B5E9A2 /* PlayfieldViewController.swift in Sources */,
				376ED34425C96FF7003578B8 /* GridView.swift in Sources */,
				376704FC257FA9A200B5E9A2 /* SceneDelegate.swift in Sources */,
				376ED34725C99917003578B8 /* PuzzleImageCell.swift in Sources */,
			);
			runOnlyForDeploymentPostprocessing = 0;
		};
/* End PBXSourcesBuildPhase section */

/* Begin PBXVariantGroup section */
		376704FF257FA9A200B5E9A2 /* Main.storyboard */ = {
			isa = PBXVariantGroup;
			children = (
				37670500257FA9A200B5E9A2 /* Base */,
			);
			name = Main.storyboard;
			sourceTree = "<group>";
		};
		37670504257FA9A400B5E9A2 /* LaunchScreen.storyboard */ = {
			isa = PBXVariantGroup;
			children = (
				37670505257FA9A400B5E9A2 /* Base */,
			);
			name = LaunchScreen.storyboard;
			sourceTree = "<group>";
		};
/* End PBXVariantGroup section */

/* Begin XCBuildConfiguration section */
		37670508257FA9A400B5E9A2 /* Debug */ = {
			isa = XCBuildConfiguration;
			buildSettings = {
				ALWAYS_SEARCH_USER_PATHS = NO;
				CLANG_ANALYZER_NONNULL = YES;
				CLANG_ANALYZER_NUMBER_OBJECT_CONVERSION = YES_AGGRESSIVE;
				CLANG_CXX_LANGUAGE_STANDARD = "gnu++14";
				CLANG_CXX_LIBRARY = "libc++";
				CLANG_ENABLE_MODULES = YES;
				CLANG_ENABLE_OBJC_ARC = YES;
				CLANG_ENABLE_OBJC_WEAK = YES;
				CLANG_WARN_BLOCK_CAPTURE_AUTORELEASING = YES;
				CLANG_WARN_BOOL_CONVERSION = YES;
				CLANG_WARN_COMMA = YES;
				CLANG_WARN_CONSTANT_CONVERSION = YES;
				CLANG_WARN_DEPRECATED_OBJC_IMPLEMENTATIONS = YES;
				CLANG_WARN_DIRECT_OBJC_ISA_USAGE = YES_ERROR;
				CLANG_WARN_DOCUMENTATION_COMMENTS = YES;
				CLANG_WARN_EMPTY_BODY = YES;
				CLANG_WARN_ENUM_CONVERSION = YES;
				CLANG_WARN_INFINITE_RECURSION = YES;
				CLANG_WARN_INT_CONVERSION = YES;
				CLANG_WARN_NON_LITERAL_NULL_CONVERSION = YES;
				CLANG_WARN_OBJC_IMPLICIT_RETAIN_SELF = YES;
				CLANG_WARN_OBJC_LITERAL_CONVERSION = YES;
				CLANG_WARN_OBJC_ROOT_CLASS = YES_ERROR;
				CLANG_WARN_QUOTED_INCLUDE_IN_FRAMEWORK_HEADER = YES;
				CLANG_WARN_RANGE_LOOP_ANALYSIS = YES;
				CLANG_WARN_STRICT_PROTOTYPES = YES;
				CLANG_WARN_SUSPICIOUS_MOVE = YES;
				CLANG_WARN_UNGUARDED_AVAILABILITY = YES_AGGRESSIVE;
				CLANG_WARN_UNREACHABLE_CODE = YES;
				CLANG_WARN__DUPLICATE_METHOD_MATCH = YES;
				COPY_PHASE_STRIP = NO;
				DEBUG_INFORMATION_FORMAT = dwarf;
				ENABLE_STRICT_OBJC_MSGSEND = YES;
				ENABLE_TESTABILITY = YES;
				GCC_C_LANGUAGE_STANDARD = gnu11;
				GCC_DYNAMIC_NO_PIC = NO;
				GCC_NO_COMMON_BLOCKS = YES;
				GCC_OPTIMIZATION_LEVEL = 0;
				GCC_PREPROCESSOR_DEFINITIONS = (
					"DEBUG=1",
					"$(inherited)",
				);
				GCC_WARN_64_TO_32_BIT_CONVERSION = YES;
				GCC_WARN_ABOUT_RETURN_TYPE = YES_ERROR;
				GCC_WARN_UNDECLARED_SELECTOR = YES;
				GCC_WARN_UNINITIALIZED_AUTOS = YES_AGGRESSIVE;
				GCC_WARN_UNUSED_FUNCTION = YES;
				GCC_WARN_UNUSED_VARIABLE = YES;
				IPHONEOS_DEPLOYMENT_TARGET = 13.2;
				MTL_ENABLE_DEBUG_INFO = INCLUDE_SOURCE;
				MTL_FAST_MATH = YES;
				ONLY_ACTIVE_ARCH = YES;
				SDKROOT = iphoneos;
				SWIFT_ACTIVE_COMPILATION_CONDITIONS = DEBUG;
				SWIFT_OPTIMIZATION_LEVEL = "-Onone";
			};
			name = Debug;
		};
		37670509257FA9A400B5E9A2 /* Release */ = {
			isa = XCBuildConfiguration;
			buildSettings = {
				ALWAYS_SEARCH_USER_PATHS = NO;
				CLANG_ANALYZER_NONNULL = YES;
				CLANG_ANALYZER_NUMBER_OBJECT_CONVERSION = YES_AGGRESSIVE;
				CLANG_CXX_LANGUAGE_STANDARD = "gnu++14";
				CLANG_CXX_LIBRARY = "libc++";
				CLANG_ENABLE_MODULES = YES;
				CLANG_ENABLE_OBJC_ARC = YES;
				CLANG_ENABLE_OBJC_WEAK = YES;
				CLANG_WARN_BLOCK_CAPTURE_AUTORELEASING = YES;
				CLANG_WARN_BOOL_CONVERSION = YES;
				CLANG_WARN_COMMA = YES;
				CLANG_WARN_CONSTANT_CONVERSION = YES;
				CLANG_WARN_DEPRECATED_OBJC_IMPLEMENTATIONS = YES;
				CLANG_WARN_DIRECT_OBJC_ISA_USAGE = YES_ERROR;
				CLANG_WARN_DOCUMENTATION_COMMENTS = YES;
				CLANG_WARN_EMPTY_BODY = YES;
				CLANG_WARN_ENUM_CONVERSION = YES;
				CLANG_WARN_INFINITE_RECURSION = YES;
				CLANG_WARN_INT_CONVERSION = YES;
				CLANG_WARN_NON_LITERAL_NULL_CONVERSION = YES;
				CLANG_WARN_OBJC_IMPLICIT_RETAIN_SELF = YES;
				CLANG_WARN_OBJC_LITERAL_CONVERSION = YES;
				CLANG_WARN_OBJC_ROOT_CLASS = YES_ERROR;
				CLANG_WARN_QUOTED_INCLUDE_IN_FRAMEWORK_HEADER = YES;
				CLANG_WARN_RANGE_LOOP_ANALYSIS = YES;
				CLANG_WARN_STRICT_PROTOTYPES = YES;
				CLANG_WARN_SUSPICIOUS_MOVE = YES;
				CLANG_WARN_UNGUARDED_AVAILABILITY = YES_AGGRESSIVE;
				CLANG_WARN_UNREACHABLE_CODE = YES;
				CLANG_WARN__DUPLICATE_METHOD_MATCH = YES;
				COPY_PHASE_STRIP = NO;
				DEBUG_INFORMATION_FORMAT = "dwarf-with-dsym";
				ENABLE_NS_ASSERTIONS = NO;
				ENABLE_STRICT_OBJC_MSGSEND = YES;
				GCC_C_LANGUAGE_STANDARD = gnu11;
				GCC_NO_COMMON_BLOCKS = YES;
				GCC_WARN_64_TO_32_BIT_CONVERSION = YES;
				GCC_WARN_ABOUT_RETURN_TYPE = YES_ERROR;
				GCC_WARN_UNDECLARED_SELECTOR = YES;
				GCC_WARN_UNINITIALIZED_AUTOS = YES_AGGRESSIVE;
				GCC_WARN_UNUSED_FUNCTION = YES;
				GCC_WARN_UNUSED_VARIABLE = YES;
				IPHONEOS_DEPLOYMENT_TARGET = 13.2;
				MTL_ENABLE_DEBUG_INFO = NO;
				MTL_FAST_MATH = YES;
				SDKROOT = iphoneos;
				SWIFT_COMPILATION_MODE = wholemodule;
				SWIFT_OPTIMIZATION_LEVEL = "-O";
				VALIDATE_PRODUCT = YES;
			};
			name = Release;
		};
		3767050B257FA9A400B5E9A2 /* Debug */ = {
			isa = XCBuildConfiguration;
			buildSettings = {
				ASSETCATALOG_COMPILER_APPICON_NAME = AppIcon;
				CODE_SIGN_STYLE = Automatic;
				DEVELOPMENT_TEAM = CD29UMZJ5P;
				INFOPLIST_FILE = Gridy/Resources/Info.plist;
				LD_RUNPATH_SEARCH_PATHS = (
					"$(inherited)",
					"@executable_path/Frameworks",
				);
				PRODUCT_BUNDLE_IDENTIFIER = com.nikolai.Gridy;
				PRODUCT_NAME = "$(TARGET_NAME)";
				SWIFT_VERSION = 5.0;
				TARGETED_DEVICE_FAMILY = "1,2";
			};
			name = Debug;
		};
		3767050C257FA9A400B5E9A2 /* Release */ = {
			isa = XCBuildConfiguration;
			buildSettings = {
				ASSETCATALOG_COMPILER_APPICON_NAME = AppIcon;
				CODE_SIGN_STYLE = Automatic;
				DEVELOPMENT_TEAM = CD29UMZJ5P;
				INFOPLIST_FILE = Gridy/Resources/Info.plist;
				LD_RUNPATH_SEARCH_PATHS = (
					"$(inherited)",
					"@executable_path/Frameworks",
				);
				PRODUCT_BUNDLE_IDENTIFIER = com.nikolai.Gridy;
				PRODUCT_NAME = "$(TARGET_NAME)";
				SWIFT_VERSION = 5.0;
				TARGETED_DEVICE_FAMILY = "1,2";
			};
			name = Release;
		};
/* End XCBuildConfiguration section */

/* Begin XCConfigurationList section */
		376704F1257FA9A200B5E9A2 /* Build configuration list for PBXProject "Gridy" */ = {
			isa = XCConfigurationList;
			buildConfigurations = (
				37670508257FA9A400B5E9A2 /* Debug */,
				37670509257FA9A400B5E9A2 /* Release */,
			);
			defaultConfigurationIsVisible = 0;
			defaultConfigurationName = Release;
		};
		3767050A257FA9A400B5E9A2 /* Build configuration list for PBXNativeTarget "Gridy" */ = {
			isa = XCConfigurationList;
			buildConfigurations = (
				3767050B257FA9A400B5E9A2 /* Debug */,
				3767050C257FA9A400B5E9A2 /* Release */,
			);
			defaultConfigurationIsVisible = 0;
			defaultConfigurationName = Release;
		};
/* End XCConfigurationList section */
	};
	rootObject = 376704EE257FA9A200B5E9A2 /* Project object */;
}
